
Microsoft Visual Studio Solution File, Format Version 12.00
# Visual Studio 15
VisualStudioVersion = 15.0.28307.438
MinimumVisualStudioVersion = 10.0.40219.1
Project("{888888A0-9F3D-457C-B088-3A5042F75D52}") = "Yahtzee", "Yahtzee\Yahtzee.pyproj", "{5D35F111-EDB2-46F2-BD8A-7BDF8B1423E8}"
EndProject
Global
	GlobalSection(SolutionConfigurationPlatforms) = preSolution
		Debug|Any CPU = Debug|Any CPU
		Release|Any CPU = Release|Any CPU
	EndGlobalSection
	GlobalSection(ProjectConfigurationPlatforms) = postSolution
		{5D35F111-EDB2-46F2-BD8A-7BDF8B1423E8}.Debug|Any CPU.ActiveCfg = Debug|Any CPU
		{5D35F111-EDB2-46F2-BD8A-7BDF8B1423E8}.Release|Any CPU.ActiveCfg = Release|Any CPU
	EndGlobalSection
	GlobalSection(SolutionProperties) = preSolution
		HideSolutionNode = FALSE
	EndGlobalSection
	GlobalSection(ExtensibilityGlobals) = postSolution
		SolutionGuid = {F0211E95-BC65-4AA4-AFAC-DB2FFA055FB9}
	EndGlobalSection
EndGlobal
